
Microsoft Visual Studio Solution File, Format Version 12.00
# Visual Studio Version 17
VisualStudioVersion = 17.10.35027.167
MinimumVisualStudioVersion = 10.0.40219.1
Project("{FAE04EC0-301F-11D3-BF4B-00C04F79EFBC}") = "FOR_Ejercicio8", "FOR_Ejercicio8\FOR_Ejercicio8.csproj", "{10514923-172D-4ED2-80FD-76724B9F384C}"
EndProject
Global
	GlobalSection(SolutionConfigurationPlatforms) = preSolution
		Debug|Any CPU = Debug|Any CPU
		Release|Any CPU = Release|Any CPU
	EndGlobalSection
	GlobalSection(ProjectConfigurationPlatforms) = postSolution
		{10514923-172D-4ED2-80FD-76724B9F384C}.Debug|Any CPU.ActiveCfg = Debug|Any CPU
		{10514923-172D-4ED2-80FD-76724B9F384C}.Debug|Any CPU.Build.0 = Debug|Any CPU
		{10514923-172D-4ED2-80FD-76724B9F384C}.Release|Any CPU.ActiveCfg = Release|Any CPU
		{10514923-172D-4ED2-80FD-76724B9F384C}.Release|Any CPU.Build.0 = Release|Any CPU
	EndGlobalSection
	GlobalSection(SolutionProperties) = preSolution
		HideSolutionNode = FALSE
	EndGlobalSection
	GlobalSection(ExtensibilityGlobals) = postSolution
		SolutionGuid = {E3F44A85-7FCE-4799-B68E-D48BD3ED3237}
	EndGlobalSection
EndGlobal
